{
  "nodes": {
    "fenix": {
      "inputs": {
        "nixpkgs": [
          "nixpkgs"
        ],
        "rust-analyzer-src": "rust-analyzer-src"
      },
      "locked": {
        "lastModified": 1742193486,
        "narHash": "sha256-dzwmw7Q66gO2yHM3tNKZNRK7ZiFA4NaWZPEZPiQg0es=",
        "owner": "nix-community",
        "repo": "fenix",
        "rev": "00a1e6e8777c388bbf34f74c727a58634366276e",
        "type": "github"
      },
      "original": {
        "owner": "nix-community",
        "repo": "fenix",
        "type": "github"
      }
    },
    "nixpkgs": {
      "locked": {
        "lastModified": 1742169275,
        "narHash": "sha256-nkH2Edu9rClcsQp2PYBe8E6fp8LDPi2uDBQ6wyMdeXI=",
        "owner": "NixOS",
        "repo": "nixpkgs",
        "rev": "5d9b5431f967007b3952c057fc92af49a4c5f3b2",
        "type": "github"
      },
      "original": {
        "owner": "NixOS",
        "ref": "nixpkgs-unstable",
        "repo": "nixpkgs",
        "type": "github"
      }
    },
    "root": {
      "inputs": {
        "fenix": "fenix",
        "nixpkgs": "nixpkgs"
      }
    },
    "rust-analyzer-src": {
      "flake": false,
      "locked": {
        "lastModified": 1742146688,
        "narHash": "sha256-fqc6tqBGq83Q1SY37EDKf085WKtsSzf0vKgsqla8r3s=",
        "owner": "rust-lang",
        "repo": "rust-analyzer",
        "rev": "b0632f749e6abf0f82f71755d7eaca4884c1a808",
        "type": "github"
      },
      "original": {
        "owner": "rust-lang",
        "ref": "nightly",
        "repo": "rust-analyzer",
        "type": "github"
      }
    }
  },
  "root": "root",
  "version": 7
}
